
Microsoft Visual Studio Solution File, Format Version 12.00
# Visual Studio Version 16
VisualStudioVersion = 16.0.31019.35
MinimumVisualStudioVersion = 10.0.40219.1
Project("{FAE04EC0-301F-11D3-BF4B-00C04F79EFBC}") = "ReferenceTypes", "ReferenceTypes\ReferenceTypes.csproj", "{36078D68-AA0D-4681-AD2E-AFD429165627}"
EndProject
Project("{FAE04EC0-301F-11D3-BF4B-00C04F79EFBC}") = "ValueTypes", "ValueTypes\ValueTypes.csproj", "{13593226-B3E5-4435-ADC6-D91EABBA0352}"
EndProject
Project("{FAE04EC0-301F-11D3-BF4B-00C04F79EFBC}") = "Arithmetic", "Arithmetic\Arithmetic.csproj", "{4329B7F9-F3F1-4D5D-8D81-5B5E8F3DBAC0}"
EndProject
Project("{FAE04EC0-301F-11D3-BF4B-00C04F79EFBC}") = "Comparison", "Comparison\Comparison.csproj", "{AB67796B-B57F-4608-9AAE-350D7CE827E2}"
EndProject
Project("{FAE04EC0-301F-11D3-BF4B-00C04F79EFBC}") = "Conditionals", "Conditionals\Conditionals.csproj", "{5E00F953-2ABA-44DD-898E-8AF297034807}"
EndProject
Project("{FAE04EC0-301F-11D3-BF4B-00C04F79EFBC}") = "LoopExamples", "LoopExamples\LoopExamples.csproj", "{A9B5CD80-3028-44A7-AFA7-BC8B9EED8088}"
EndProject
Project("{FAE04EC0-301F-11D3-BF4B-00C04F79EFBC}") = "MorningChallenges", "MC_W1D3_ConditionsAndLoops\MorningChallenges.csproj", "{18B9F9E5-BE82-412C-B2E4-389AB945AA37}"
EndProject
Project("{FAE04EC0-301F-11D3-BF4B-00C04F79EFBC}") = "Classes", "Classes\Classes.csproj", "{85E408AC-9E3B-4E58-BE44-FB118C9EF46B}"
EndProject
Project("{FAE04EC0-301F-11D3-BF4B-00C04F79EFBC}") = "InheritanceClasses", "InheritanceClasses\InheritanceClasses.csproj", "{FCC0FB91-B049-4C98-97B9-CAA98167D5D7}"
EndProject
Global
	GlobalSection(SolutionConfigurationPlatforms) = preSolution
		Debug|Any CPU = Debug|Any CPU
		Release|Any CPU = Release|Any CPU
	EndGlobalSection
	GlobalSection(ProjectConfigurationPlatforms) = postSolution
		{36078D68-AA0D-4681-AD2E-AFD429165627}.Debug|Any CPU.ActiveCfg = Debug|Any CPU
		{36078D68-AA0D-4681-AD2E-AFD429165627}.Debug|Any CPU.Build.0 = Debug|Any CPU
		{36078D68-AA0D-4681-AD2E-AFD429165627}.Release|Any CPU.ActiveCfg = Release|Any CPU
		{36078D68-AA0D-4681-AD2E-AFD429165627}.Release|Any CPU.Build.0 = Release|Any CPU
		{13593226-B3E5-4435-ADC6-D91EABBA0352}.Debug|Any CPU.ActiveCfg = Debug|Any CPU
		{13593226-B3E5-4435-ADC6-D91EABBA0352}.Debug|Any CPU.Build.0 = Debug|Any CPU
		{13593226-B3E5-4435-ADC6-D91EABBA0352}.Release|Any CPU.ActiveCfg = Release|Any CPU
		{13593226-B3E5-4435-ADC6-D91EABBA0352}.Release|Any CPU.Build.0 = Release|Any CPU
		{4329B7F9-F3F1-4D5D-8D81-5B5E8F3DBAC0}.Debug|Any CPU.ActiveCfg = Debug|Any CPU
		{4329B7F9-F3F1-4D5D-8D81-5B5E8F3DBAC0}.Debug|Any CPU.Build.0 = Debug|Any CPU
		{4329B7F9-F3F1-4D5D-8D81-5B5E8F3DBAC0}.Release|Any CPU.ActiveCfg = Release|Any CPU
		{4329B7F9-F3F1-4D5D-8D81-5B5E8F3DBAC0}.Release|Any CPU.Build.0 = Release|Any CPU
		{AB67796B-B57F-4608-9AAE-350D7CE827E2}.Debug|Any CPU.ActiveCfg = Debug|Any CPU
		{AB67796B-B57F-4608-9AAE-350D7CE827E2}.Debug|Any CPU.Build.0 = Debug|Any CPU
		{AB67796B-B57F-4608-9AAE-350D7CE827E2}.Release|Any CPU.ActiveCfg = Release|Any CPU
		{AB67796B-B57F-4608-9AAE-350D7CE827E2}.Release|Any CPU.Build.0 = Release|Any CPU
		{5E00F953-2ABA-44DD-898E-8AF297034807}.Debug|Any CPU.ActiveCfg = Debug|Any CPU
		{5E00F953-2ABA-44DD-898E-8AF297034807}.Debug|Any CPU.Build.0 = Debug|Any CPU
		{5E00F953-2ABA-44DD-898E-8AF297034807}.Release|Any CPU.ActiveCfg = Release|Any CPU
		{5E00F953-2ABA-44DD-898E-8AF297034807}.Release|Any CPU.Build.0 = Release|Any CPU
		{A9B5CD80-3028-44A7-AFA7-BC8B9EED8088}.Debug|Any CPU.ActiveCfg = Debug|Any CPU
		{A9B5CD80-3028-44A7-AFA7-BC8B9EED8088}.Debug|Any CPU.Build.0 = Debug|Any CPU
		{A9B5CD80-3028-44A7-AFA7-BC8B9EED8088}.Release|Any CPU.ActiveCfg = Release|Any CPU
		{A9B5CD80-3028-44A7-AFA7-BC8B9EED8088}.Release|Any CPU.Build.0 = Release|Any CPU
		{18B9F9E5-BE82-412C-B2E4-389AB945AA37}.Debug|Any CPU.ActiveCfg = Debug|Any CPU
		{18B9F9E5-BE82-412C-B2E4-389AB945AA37}.Debug|Any CPU.Build.0 = Debug|Any CPU
		{18B9F9E5-BE82-412C-B2E4-389AB945AA37}.Release|Any CPU.ActiveCfg = Release|Any CPU
		{18B9F9E5-BE82-412C-B2E4-389AB945AA37}.Release|Any CPU.Build.0 = Release|Any CPU
		{85E408AC-9E3B-4E58-BE44-FB118C9EF46B}.Debug|Any CPU.ActiveCfg = Debug|Any CPU
		{85E408AC-9E3B-4E58-BE44-FB118C9EF46B}.Debug|Any CPU.Build.0 = Debug|Any CPU
		{85E408AC-9E3B-4E58-BE44-FB118C9EF46B}.Release|Any CPU.ActiveCfg = Release|Any CPU
		{85E408AC-9E3B-4E58-BE44-FB118C9EF46B}.Release|Any CPU.Build.0 = Release|Any CPU
		{FCC0FB91-B049-4C98-97B9-CAA98167D5D7}.Debug|Any CPU.ActiveCfg = Debug|Any CPU
		{FCC0FB91-B049-4C98-97B9-CAA98167D5D7}.Debug|Any CPU.Build.0 = Debug|Any CPU
		{FCC0FB91-B049-4C98-97B9-CAA98167D5D7}.Release|Any CPU.ActiveCfg = Release|Any CPU
		{FCC0FB91-B049-4C98-97B9-CAA98167D5D7}.Release|Any CPU.Build.0 = Release|Any CPU
	EndGlobalSection
	GlobalSection(SolutionProperties) = preSolution
		HideSolutionNode = FALSE
	EndGlobalSection
	GlobalSection(ExtensibilityGlobals) = postSolution
		SolutionGuid = {DF3D94F7-4D76-4FEF-BD72-7A0BEC9ECD8C}
	EndGlobalSection
EndGlobal
